
Microsoft Visual Studio Solution File, Format Version 12.00
# Visual Studio Version 17
VisualStudioVersion = 17.7.34221.43
MinimumVisualStudioVersion = 10.0.40219.1
Project("{8BC9CEB8-8B4A-11D0-8D11-00A0C91BC942}") = "Project2", "Project2\Project2.vcxproj", "{E4D1204E-810A-453E-BC52-35C9E2082EAF}"
EndProject
Global
	GlobalSection(SolutionConfigurationPlatforms) = preSolution
		Debug|x64 = Debug|x64
		Debug|x86 = Debug|x86
		Release|x64 = Release|x64
		Release|x86 = Release|x86
	EndGlobalSection
	GlobalSection(ProjectConfigurationPlatforms) = postSolution
		{E4D1204E-810A-453E-BC52-35C9E2082EAF}.Debug|x64.ActiveCfg = Debug|x64
		{E4D1204E-810A-453E-BC52-35C9E2082EAF}.Debug|x64.Build.0 = Debug|x64
		{E4D1204E-810A-453E-BC52-35C9E2082EAF}.Debug|x86.ActiveCfg = Debug|Win32
		{E4D1204E-810A-453E-BC52-35C9E2082EAF}.Debug|x86.Build.0 = Debug|Win32
		{E4D1204E-810A-453E-BC52-35C9E2082EAF}.Release|x64.ActiveCfg = Release|x64
		{E4D1204E-810A-453E-BC52-35C9E2082EAF}.Release|x64.Build.0 = Release|x64
		{E4D1204E-810A-453E-BC52-35C9E2082EAF}.Release|x86.ActiveCfg = Release|Win32
		{E4D1204E-810A-453E-BC52-35C9E2082EAF}.Release|x86.Build.0 = Release|Win32
	EndGlobalSection
	GlobalSection(SolutionProperties) = preSolution
		HideSolutionNode = FALSE
	EndGlobalSection
	GlobalSection(ExtensibilityGlobals) = postSolution
		SolutionGuid = {DCF8D5C5-8E6A-45CB-AA8C-72D28CE9B07D}
	EndGlobalSection
EndGlobal
